
Microsoft Visual Studio Solution File, Format Version 12.00
# Visual Studio 15
VisualStudioVersion = 15.0.27703.2042
MinimumVisualStudioVersion = 10.0.40219.1
Project("{FAE04EC0-301F-11D3-BF4B-00C04F79EFBC}") = "ColorModels", "ColorModels\ColorModels.csproj", "{C10E4B3C-20B1-4E6D-96F6-7B555A14E767}"
EndProject
Global
	GlobalSection(SolutionConfigurationPlatforms) = preSolution
		Debug|Any CPU = Debug|Any CPU
		Release|Any CPU = Release|Any CPU
	EndGlobalSection
	GlobalSection(ProjectConfigurationPlatforms) = postSolution
		{C10E4B3C-20B1-4E6D-96F6-7B555A14E767}.Debug|Any CPU.ActiveCfg = Debug|Any CPU
		{C10E4B3C-20B1-4E6D-96F6-7B555A14E767}.Debug|Any CPU.Build.0 = Debug|Any CPU
		{C10E4B3C-20B1-4E6D-96F6-7B555A14E767}.Release|Any CPU.ActiveCfg = Release|Any CPU
		{C10E4B3C-20B1-4E6D-96F6-7B555A14E767}.Release|Any CPU.Build.0 = Release|Any CPU
	EndGlobalSection
	GlobalSection(SolutionProperties) = preSolution
		HideSolutionNode = FALSE
	EndGlobalSection
	GlobalSection(ExtensibilityGlobals) = postSolution
		SolutionGuid = {5754FF0C-2797-48E2-8B6D-78B07DAB3F1E}
	EndGlobalSection
EndGlobal
